// !$*UTF8*$!
{
	archiveVersion = 1;
	classes = {
	};
	objectVersion = 77;
	objects = {

/* Begin PBXBuildFile section */
		55DEAD802F3FF7E300DF85E1 /* card_overview.png in Resources */ = {isa = PBXBuildFile; fileRef = 55DEAD7F2F3FF7E300DF85E1 /* card_overview.png */; };
		55DEAD842F3FF80D00DF85E1 /* card_overview_edit.png in Resources */ = {isa = PBXBuildFile; fileRef = 55DEAD832F3FF80D00DF85E1 /* card_overview_edit.png */; };
		7C1A29B72F38CEF100BAF031 /* add_card.png in Resources */ = {isa = PBXBuildFile; fileRef = 7C1A29B52F38CEF100BAF031 /* add_card.png */; };
		7C1A29B82F38CEF100BAF031 /* add_subject.png in Resources */ = {isa = PBXBuildFile; fileRef = 7C1A29B62F38CEF100BAF031 /* add_subject.png */; };
		7C70C5122F3CB6FF00701046 /* filter_editmode.png in Resources */ = {isa = PBXBuildFile; fileRef = 7C70C5102F3CB6FF00701046 /* filter_editmode.png */; };
		7C70C5132F3CB6FF00701046 /* filter_editmode_delete.png in Resources */ = {isa = PBXBuildFile; fileRef = 7C70C5112F3CB6FF00701046 /* filter_editmode_delete.png */; };
		7C70C5142F3CB6FF00701046 /* filter.png in Resources */ = {isa = PBXBuildFile; fileRef = 7C70C50F2F3CB6FF00701046 /* filter.png */; };
		7C70C5162F3CB73500701046 /* elorize_icon.png in Resources */ = {isa = PBXBuildFile; fileRef = 7C70C5152F3CB73500701046 /* elorize_icon.png */; };
		7C70C5182F3CB97C00701046 /* splash.png in Resources */ = {isa = PBXBuildFile; fileRef = 7C70C5172F3CB97C00701046 /* splash.png */; };
		7C70C71F2F3DB5C300701046 /* text_controls.png in Resources */ = {isa = PBXBuildFile; fileRef = 7C70C71E2F3DB5C300701046 /* text_controls.png */; };
		7C70C7212F3DB60D00701046 /* home.png in Resources */ = {isa = PBXBuildFile; fileRef = 7C70C7202F3DB60D00701046 /* home.png */; };
		7C70C7282F3DB6DE00701046 /* home_correct.png in Resources */ = {isa = PBXBuildFile; fileRef = 7C70C7262F3DB6DE00701046 /* home_correct.png */; };
		7C70C7292F3DB6DE00701046 /* home_wrong.png in Resources */ = {isa = PBXBuildFile; fileRef = 7C70C7272F3DB6DE00701046 /* home_wrong.png */; };
		7C70C72D2F3DB96200701046 /* home_ipad_v.png in Resources */ = {isa = PBXBuildFile; fileRef = 7C70C72C2F3DB96200701046 /* home_ipad_v.png */; };
		7C70C72E2F3DB96200701046 /* home_ipad_h.png in Resources */ = {isa = PBXBuildFile; fileRef = 7C70C72B2F3DB96200701046 /* home_ipad_h.png */; };
		7C70C72F2F3DB96200701046 /* filter_ipad_h.png in Resources */ = {isa = PBXBuildFile; fileRef = 7C70C72A2F3DB96200701046 /* filter_ipad_h.png */; };
		7CA3CE112F298BEA00269B9D /* README.md in Resources */ = {isa = PBXBuildFile; fileRef = 7CA3CE102F298BEA00269B9D /* README.md */; };
/* End PBXBuildFile section */

/* Begin PBXContainerItemProxy section */
		7C7FB7F62F29791E00C9318C /* PBXContainerItemProxy */ = {
			isa = PBXContainerItemProxy;
			containerPortal = 7C7FB7DE2F29791C00C9318C /* Project object */;
			proxyType = 1;
			remoteGlobalIDString = 7C7FB7E52F29791C00C9318C;
			remoteInfo = Elorize;
		};
		7C7FB8002F29791E00C9318C /* PBXContainerItemProxy */ = {
			isa = PBXContainerItemProxy;
			containerPortal = 7C7FB7DE2F29791C00C9318C /* Project object */;
			proxyType = 1;
			remoteGlobalIDString = 7C7FB7E52F29791C00C9318C;
			remoteInfo = Elorize;
		};
/* End PBXContainerItemProxy section */

/* Begin PBXFileReference section */
		55DEAD7F2F3FF7E300DF85E1 /* card_overview.png */ = {isa = PBXFileReference; lastKnownFileType = image.png; path = card_overview.png; sourceTree = "<group>"; };
		55DEAD832F3FF80D00DF85E1 /* card_overview_edit.png */ = {isa = PBXFileReference; lastKnownFileType = image.png; path = card_overview_edit.png; sourceTree = "<group>"; };
		7C1A29B52F38CEF100BAF031 /* add_card.png */ = {isa = PBXFileReference; lastKnownFileType = image.png; path = add_card.png; sourceTree = "<group>"; };
		7C1A29B62F38CEF100BAF031 /* add_subject.png */ = {isa = PBXFileReference; lastKnownFileType = image.png; path = add_subject.png; sourceTree = "<group>"; };
		7C70C50F2F3CB6FF00701046 /* filter.png */ = {isa = PBXFileReference; lastKnownFileType = image.png; path = filter.png; sourceTree = "<group>"; };
		7C70C5102F3CB6FF00701046 /* filter_editmode.png */ = {isa = PBXFileReference; lastKnownFileType = image.png; path = filter_editmode.png; sourceTree = "<group>"; };
		7C70C5112F3CB6FF00701046 /* filter_editmode_delete.png */ = {isa = PBXFileReference; lastKnownFileType = image.png; path = filter_editmode_delete.png; sourceTree = "<group>"; };
		7C70C5152F3CB73500701046 /* elorize_icon.png */ = {isa = PBXFileReference; lastKnownFileType = image.png; path = elorize_icon.png; sourceTree = "<group>"; };
		7C70C5172F3CB97C00701046 /* splash.png */ = {isa = PBXFileReference; lastKnownFileType = image.png; path = splash.png; sourceTree = "<group>"; };
		7C70C71E2F3DB5C300701046 /* text_controls.png */ = {isa = PBXFileReference; lastKnownFileType = image.png; path = text_controls.png; sourceTree = "<group>"; };
		7C70C7202F3DB60D00701046 /* home.png */ = {isa = PBXFileReference; lastKnownFileType = image.png; path = home.png; sourceTree = "<group>"; };
		7C70C7262F3DB6DE00701046 /* home_correct.png */ = {isa = PBXFileReference; lastKnownFileType = image.png; path = home_correct.png; sourceTree = "<group>"; };
		7C70C7272F3DB6DE00701046 /* home_wrong.png */ = {isa = PBXFileReference; lastKnownFileType = image.png; path = home_wrong.png; sourceTree = "<group>"; };
		7C70C72A2F3DB96200701046 /* filter_ipad_h.png */ = {isa = PBXFileReference; lastKnownFileType = image.png; path = filter_ipad_h.png; sourceTree = "<group>"; };
		7C70C72B2F3DB96200701046 /* home_ipad_h.png */ = {isa = PBXFileReference; lastKnownFileType = image.png; path = home_ipad_h.png; sourceTree = "<group>"; };
		7C70C72C2F3DB96200701046 /* home_ipad_v.png */ = {isa = PBXFileReference; lastKnownFileType = image.png; path = home_ipad_v.png; sourceTree = "<group>"; };
		7C7FB7E62F29791C00C9318C /* Elorize.app */ = {isa = PBXFileReference; explicitFileType = wrapper.application; includeInIndex = 0; path = Elorize.app; sourceTree = BUILT_PRODUCTS_DIR; };
		7C7FB7F52F29791E00C9318C /* ElorizeTests.xctest */ = {isa = PBXFileReference; explicitFileType = wrapper.cfbundle; includeInIndex = 0; path = ElorizeTests.xctest; sourceTree = BUILT_PRODUCTS_DIR; };
		7C7FB7FF2F29791E00C9318C /* ElorizeUITests.xctest */ = {isa = PBXFileReference; explicitFileType = wrapper.cfbundle; includeInIndex = 0; path = ElorizeUITests.xctest; sourceTree = BUILT_PRODUCTS_DIR; };
		7CA3CE102F298BEA00269B9D /* README.md */ = {isa = PBXFileReference; lastKnownFileType = net.daringfireball.markdown; path = README.md; sourceTree = "<group>"; };
/* End PBXFileReference section */

/* Begin PBXFileSystemSynchronizedRootGroup section */
		7C7FB7E82F29791C00C9318C /* Elorize */ = {
			isa = PBXFileSystemSynchronizedRootGroup;
			path = Elorize;
			sourceTree = "<group>";
		};
		7C7FB7F82F29791E00C9318C /* ElorizeTests */ = {
			isa = PBXFileSystemSynchronizedRootGroup;
			path = ElorizeTests;
			sourceTree = "<group>";
		};
		7C7FB8022F29791E00C9318C /* ElorizeUITests */ = {
			isa = PBXFileSystemSynchronizedRootGroup;
			path = ElorizeUITests;
			sourceTree = "<group>";
		};
/* End PBXFileSystemSynchronizedRootGroup section */

/* Begin PBXFrameworksBuildPhase section */
		7C7FB7E32F29791C00C9318C /* Frameworks */ = {
			isa = PBXFrameworksBuildPhase;
			buildActionMask = 2147483647;
			files = (
			);
			runOnlyForDeploymentPostprocessing = 0;
		};
		7C7FB7F22F29791E00C9318C /* Frameworks */ = {
			isa = PBXFrameworksBuildPhase;
			buildActionMask = 2147483647;
			files = (
			);
			runOnlyForDeploymentPostprocessing = 0;
		};
		7C7FB7FC2F29791E00C9318C /* Frameworks */ = {
			isa = PBXFrameworksBuildPhase;
			buildActionMask = 2147483647;
			files = (
			);
			runOnlyForDeploymentPostprocessing = 0;
		};
/* End PBXFrameworksBuildPhase section */

/* Begin PBXGroup section */
		7C7FB7DD2F29791C00C9318C = {
			isa = PBXGroup;
			children = (
				7CA3CE102F298BEA00269B9D /* README.md */,
				7CA3CE0D2F298AF500269B9D /* Images */,
				7C7FB7E82F29791C00C9318C /* Elorize */,
				7C7FB7F82F29791E00C9318C /* ElorizeTests */,
				7C7FB8022F29791E00C9318C /* ElorizeUITests */,
				7C7FB7E72F29791C00C9318C /* Products */,
			);
			sourceTree = "<group>";
		};
		7C7FB7E72F29791C00C9318C /* Products */ = {
			isa = PBXGroup;
			children = (
				7C7FB7E62F29791C00C9318C /* Elorize.app */,
				7C7FB7F52F29791E00C9318C /* ElorizeTests.xctest */,
				7C7FB7FF2F29791E00C9318C /* ElorizeUITests.xctest */,
			);
			name = Products;
			sourceTree = "<group>";
		};
		7CA3CE0D2F298AF500269B9D /* Images */ = {
			isa = PBXGroup;
			children = (
				7C70C7262F3DB6DE00701046 /* home_correct.png */,
				7C70C7272F3DB6DE00701046 /* home_wrong.png */,
				7C70C5152F3CB73500701046 /* elorize_icon.png */,
				7C70C50F2F3CB6FF00701046 /* filter.png */,
				55DEAD7F2F3FF7E300DF85E1 /* card_overview.png */,
				55DEAD832F3FF80D00DF85E1 /* card_overview_edit.png */,
				7C70C5102F3CB6FF00701046 /* filter_editmode.png */,
				7C70C5112F3CB6FF00701046 /* filter_editmode_delete.png */,
				7C1A29B52F38CEF100BAF031 /* add_card.png */,
				7C70C71E2F3DB5C300701046 /* text_controls.png */,
				7C70C72A2F3DB96200701046 /* filter_ipad_h.png */,
				7C70C72B2F3DB96200701046 /* home_ipad_h.png */,
				7C70C72C2F3DB96200701046 /* home_ipad_v.png */,
				7C1A29B62F38CEF100BAF031 /* add_subject.png */,
				7C70C7202F3DB60D00701046 /* home.png */,
				7C70C5172F3CB97C00701046 /* splash.png */,
			);
			path = Images;
			sourceTree = "<group>";
		};
/* End PBXGroup section */

/* Begin PBXNativeTarget section */
		7C7FB7E52F29791C00C9318C /* Elorize */ = {
			isa = PBXNativeTarget;
			buildConfigurationList = 7C7FB8092F29791E00C9318C /* Build configuration list for PBXNativeTarget "Elorize" */;
			buildPhases = (
				7C7FB7E22F29791C00C9318C /* Sources */,
				7C7FB7E32F29791C00C9318C /* Frameworks */,
				7C7FB7E42F29791C00C9318C /* Resources */,
			);
			buildRules = (
			);
			dependencies = (
			);
			fileSystemSynchronizedGroups = (
				7C7FB7E82F29791C00C9318C /* Elorize */,
			);
			name = Elorize;
			packageProductDependencies = (
			);
			productName = Elorize;
			productReference = 7C7FB7E62F29791C00C9318C /* Elorize.app */;
			productType = "com.apple.product-type.application";
		};
		7C7FB7F42F29791E00C9318C /* ElorizeTests */ = {
			isa = PBXNativeTarget;
			buildConfigurationList = 7C7FB80C2F29791E00C9318C /* Build configuration list for PBXNativeTarget "ElorizeTests" */;
			buildPhases = (
				7C7FB7F12F29791E00C9318C /* Sources */,
				7C7FB7F22F29791E00C9318C /* Frameworks */,
				7C7FB7F32F29791E00C9318C /* Resources */,
			);
			buildRules = (
			);
			dependencies = (
				7C7FB7F72F29791E00C9318C /* PBXTargetDependency */,
			);
			fileSystemSynchronizedGroups = (
				7C7FB7F82F29791E00C9318C /* ElorizeTests */,
			);
			name = ElorizeTests;
			packageProductDependencies = (
			);
			productName = ElorizeTests;
			productReference = 7C7FB7F52F29791E00C9318C /* ElorizeTests.xctest */;
			productType = "com.apple.product-type.bundle.unit-test";
		};
		7C7FB7FE2F29791E00C9318C /* ElorizeUITests */ = {
			isa = PBXNativeTarget;
			buildConfigurationList = 7C7FB80F2F29791E00C9318C /* Build configuration list for PBXNativeTarget "ElorizeUITests" */;
			buildPhases = (
				7C7FB7FB2F29791E00C9318C /* Sources */,
				7C7FB7FC2F29791E00C9318C /* Frameworks */,
				7C7FB7FD2F29791E00C9318C /* Resources */,
			);
			buildRules = (
			);
			dependencies = (
				7C7FB8012F29791E00C9318C /* PBXTargetDependency */,
			);
			fileSystemSynchronizedGroups = (
				7C7FB8022F29791E00C9318C /* ElorizeUITests */,
			);
			name = ElorizeUITests;
			packageProductDependencies = (
			);
			productName = ElorizeUITests;
			productReference = 7C7FB7FF2F29791E00C9318C /* ElorizeUITests.xctest */;
			productType = "com.apple.product-type.bundle.ui-testing";
		};
/* End PBXNativeTarget section */

/* Begin PBXProject section */
		7C7FB7DE2F29791C00C9318C /* Project object */ = {
			isa = PBXProject;
			attributes = {
				BuildIndependentTargetsInParallel = 1;
				LastSwiftUpdateCheck = 2620;
				LastUpgradeCheck = 2620;
				TargetAttributes = {
					7C7FB7E52F29791C00C9318C = {
						CreatedOnToolsVersion = 26.2;
					};
					7C7FB7F42F29791E00C9318C = {
						CreatedOnToolsVersion = 26.2;
						TestTargetID = 7C7FB7E52F29791C00C9318C;
					};
					7C7FB7FE2F29791E00C9318C = {
						CreatedOnToolsVersion = 26.2;
						TestTargetID = 7C7FB7E52F29791C00C9318C;
					};
				};
			};
			buildConfigurationList = 7C7FB7E12F29791C00C9318C /* Build configuration list for PBXProject "Elorize" */;
			developmentRegion = en;
			hasScannedForEncodings = 0;
			knownRegions = (
				en,
				Base,
			);
			mainGroup = 7C7FB7DD2F29791C00C9318C;
			minimizedProjectReferenceProxies = 1;
			preferredProjectObjectVersion = 77;
			productRefGroup = 7C7FB7E72F29791C00C9318C /* Products */;
			projectDirPath = "";
			projectRoot = "";
			targets = (
				7C7FB7E52F29791C00C9318C /* Elorize */,
				7C7FB7F42F29791E00C9318C /* ElorizeTests */,
				7C7FB7FE2F29791E00C9318C /* ElorizeUITests */,
			);
		};
/* End PBXProject section */

/* Begin PBXResourcesBuildPhase section */
		7C7FB7E42F29791C00C9318C /* Resources */ = {
			isa = PBXResourcesBuildPhase;
			buildActionMask = 2147483647;
			files = (
				7CA3CE112F298BEA00269B9D /* README.md in Resources */,
				7C70C5122F3CB6FF00701046 /* filter_editmode.png in Resources */,
				55DEAD842F3FF80D00DF85E1 /* card_overview_edit.png in Resources */,
				55DEAD802F3FF7E300DF85E1 /* card_overview.png in Resources */,
				7C70C7212F3DB60D00701046 /* home.png in Resources */,
				7C70C5132F3CB6FF00701046 /* filter_editmode_delete.png in Resources */,
				7C70C5142F3CB6FF00701046 /* filter.png in Resources */,
				7C70C72D2F3DB96200701046 /* home_ipad_v.png in Resources */,
				7C70C72E2F3DB96200701046 /* home_ipad_h.png in Resources */,
				7C70C72F2F3DB96200701046 /* filter_ipad_h.png in Resources */,
				7C1A29B72F38CEF100BAF031 /* add_card.png in Resources */,
				7C1A29B82F38CEF100BAF031 /* add_subject.png in Resources */,
				7C70C71F2F3DB5C300701046 /* text_controls.png in Resources */,
				7C70C5182F3CB97C00701046 /* splash.png in Resources */,
				7C70C5162F3CB73500701046 /* elorize_icon.png in Resources */,
				7C70C7282F3DB6DE00701046 /* home_correct.png in Resources */,
				7C70C7292F3DB6DE00701046 /* home_wrong.png in Resources */,
			);
			runOnlyForDeploymentPostprocessing = 0;
		};
		7C7FB7F32F29791E00C9318C /* Resources */ = {
			isa = PBXResourcesBuildPhase;
			buildActionMask = 2147483647;
			files = (
			);
			runOnlyForDeploymentPostprocessing = 0;
		};
		7C7FB7FD2F29791E00C9318C /* Resources */ = {
			isa = PBXResourcesBuildPhase;
			buildActionMask = 2147483647;
			files = (
			);
			runOnlyForDeploymentPostprocessing = 0;
		};
/* End PBXResourcesBuildPhase section */

/* Begin PBXSourcesBuildPhase section */
		7C7FB7E22F29791C00C9318C /* Sources */ = {
			isa = PBXSourcesBuildPhase;
			buildActionMask = 2147483647;
			files = (
			);
			runOnlyForDeploymentPostprocessing = 0;
		};
		7C7FB7F12F29791E00C9318C /* Sources */ = {
			isa = PBXSourcesBuildPhase;
			buildActionMask = 2147483647;
			files = (
			);
			runOnlyForDeploymentPostprocessing = 0;
		};
		7C7FB7FB2F29791E00C9318C /* Sources */ = {
			isa = PBXSourcesBuildPhase;
			buildActionMask = 2147483647;
			files = (
			);
			runOnlyForDeploymentPostprocessing = 0;
		};
/* End PBXSourcesBuildPhase section */

/* Begin PBXTargetDependency section */
		7C7FB7F72F29791E00C9318C /* PBXTargetDependency */ = {
			isa = PBXTargetDependency;
			target = 7C7FB7E52F29791C00C9318C /* Elorize */;
			targetProxy = 7C7FB7F62F29791E00C9318C /* PBXContainerItemProxy */;
		};
		7C7FB8012F29791E00C9318C /* PBXTargetDependency */ = {
			isa = PBXTargetDependency;
			target = 7C7FB7E52F29791C00C9318C /* Elorize */;
			targetProxy = 7C7FB8002F29791E00C9318C /* PBXContainerItemProxy */;
		};
/* End PBXTargetDependency section */

/* Begin XCBuildConfiguration section */
		7C7FB8072F29791E00C9318C /* Debug */ = {
			isa = XCBuildConfiguration;
			buildSettings = {
				ALWAYS_SEARCH_USER_PATHS = NO;
				ASSETCATALOG_COMPILER_GENERATE_SWIFT_ASSET_SYMBOL_EXTENSIONS = YES;
				CLANG_ANALYZER_NONNULL = YES;
				CLANG_ANALYZER_NUMBER_OBJECT_CONVERSION = YES_AGGRESSIVE;
				CLANG_CXX_LANGUAGE_STANDARD = "gnu++20";
				CLANG_ENABLE_MODULES = YES;
				CLANG_ENABLE_OBJC_ARC = YES;
				CLANG_ENABLE_OBJC_WEAK = YES;
				CLANG_WARN_BLOCK_CAPTURE_AUTORELEASING = YES;
				CLANG_WARN_BOOL_CONVERSION = YES;
				CLANG_WARN_COMMA = YES;
				CLANG_WARN_CONSTANT_CONVERSION = YES;
				CLANG_WARN_DEPRECATED_OBJC_IMPLEMENTATIONS = YES;
				CLANG_WARN_DIRECT_OBJC_ISA_USAGE = YES_ERROR;
				CLANG_WARN_DOCUMENTATION_COMMENTS = YES;
				CLANG_WARN_EMPTY_BODY = YES;
				CLANG_WARN_ENUM_CONVERSION = YES;
				CLANG_WARN_INFINITE_RECURSION = YES;
				CLANG_WARN_INT_CONVERSION = YES;
				CLANG_WARN_NON_LITERAL_NULL_CONVERSION = YES;
				CLANG_WARN_OBJC_IMPLICIT_RETAIN_SELF = YES;
				CLANG_WARN_OBJC_LITERAL_CONVERSION = YES;
				CLANG_WARN_OBJC_ROOT_CLASS = YES_ERROR;
				CLANG_WARN_QUOTED_INCLUDE_IN_FRAMEWORK_HEADER = YES;
				CLANG_WARN_RANGE_LOOP_ANALYSIS = YES;
				CLANG_WARN_STRICT_PROTOTYPES = YES;
				CLANG_WARN_SUSPICIOUS_MOVE = YES;
				CLANG_WARN_UNGUARDED_AVAILABILITY = YES_AGGRESSIVE;
				CLANG_WARN_UNREACHABLE_CODE = YES;
				CLANG_WARN__DUPLICATE_METHOD_MATCH = YES;
				COPY_PHASE_STRIP = NO;
				DEBUG_INFORMATION_FORMAT = dwarf;
				DEVELOPMENT_TEAM = JUG52QUVYF;
				ENABLE_STRICT_OBJC_MSGSEND = YES;
				ENABLE_TESTABILITY = YES;
				ENABLE_USER_SCRIPT_SANDBOXING = YES;
				GCC_C_LANGUAGE_STANDARD = gnu17;
				GCC_DYNAMIC_NO_PIC = NO;
				GCC_NO_COMMON_BLOCKS = YES;
				GCC_OPTIMIZATION_LEVEL = 0;
				GCC_PREPROCESSOR_DEFINITIONS = (
					"DEBUG=1",
					"$(inherited)",
				);
				GCC_WARN_64_TO_32_BIT_CONVERSION = YES;
				GCC_WARN_ABOUT_RETURN_TYPE = YES_ERROR;
				GCC_WARN_UNDECLARED_SELECTOR = YES;
				GCC_WARN_UNINITIALIZED_AUTOS = YES_AGGRESSIVE;
				GCC_WARN_UNUSED_FUNCTION = YES;
				GCC_WARN_UNUSED_VARIABLE = YES;
				IPHONEOS_DEPLOYMENT_TARGET = 26.2;
				LOCALIZATION_PREFERS_STRING_CATALOGS = YES;
				MTL_ENABLE_DEBUG_INFO = INCLUDE_SOURCE;
				MTL_FAST_MATH = YES;
				ONLY_ACTIVE_ARCH = YES;
				SDKROOT = iphoneos;
				SWIFT_ACTIVE_COMPILATION_CONDITIONS = "DEBUG $(inherited)";
				SWIFT_OPTIMIZATION_LEVEL = "-Onone";
			};
			name = Debug;
		};
		7C7FB8082F29791E00C9318C /* Release */ = {
			isa = XCBuildConfiguration;
			buildSettings = {
				ALWAYS_SEARCH_USER_PATHS = NO;
				ASSETCATALOG_COMPILER_GENERATE_SWIFT_ASSET_SYMBOL_EXTENSIONS = YES;
				CLANG_ANALYZER_NONNULL = YES;
				CLANG_ANALYZER_NUMBER_OBJECT_CONVERSION = YES_AGGRESSIVE;
				CLANG_CXX_LANGUAGE_STANDARD = "gnu++20";
				CLANG_ENABLE_MODULES = YES;
				CLANG_ENABLE_OBJC_ARC = YES;
				CLANG_ENABLE_OBJC_WEAK = YES;
				CLANG_WARN_BLOCK_CAPTURE_AUTORELEASING = YES;
				CLANG_WARN_BOOL_CONVERSION = YES;
				CLANG_WARN_COMMA = YES;
				CLANG_WARN_CONSTANT_CONVERSION = YES;
				CLANG_WARN_DEPRECATED_OBJC_IMPLEMENTATIONS = YES;
				CLANG_WARN_DIRECT_OBJC_ISA_USAGE = YES_ERROR;
				CLANG_WARN_DOCUMENTATION_COMMENTS = YES;
				CLANG_WARN_EMPTY_BODY = YES;
				CLANG_WARN_ENUM_CONVERSION = YES;
				CLANG_WARN_INFINITE_RECURSION = YES;
				CLANG_WARN_INT_CONVERSION = YES;
				CLANG_WARN_NON_LITERAL_NULL_CONVERSION = YES;
				CLANG_WARN_OBJC_IMPLICIT_RETAIN_SELF = YES;
				CLANG_WARN_OBJC_LITERAL_CONVERSION = YES;
				CLANG_WARN_OBJC_ROOT_CLASS = YES_ERROR;
				CLANG_WARN_QUOTED_INCLUDE_IN_FRAMEWORK_HEADER = YES;
				CLANG_WARN_RANGE_LOOP_ANALYSIS = YES;
				CLANG_WARN_STRICT_PROTOTYPES = YES;
				CLANG_WARN_SUSPICIOUS_MOVE = YES;
				CLANG_WARN_UNGUARDED_AVAILABILITY = YES_AGGRESSIVE;
				CLANG_WARN_UNREACHABLE_CODE = YES;
				CLANG_WARN__DUPLICATE_METHOD_MATCH = YES;
				COPY_PHASE_STRIP = NO;
				DEBUG_INFORMATION_FORMAT = "dwarf-with-dsym";
				DEVELOPMENT_TEAM = JUG52QUVYF;
				ENABLE_NS_ASSERTIONS = NO;
				ENABLE_STRICT_OBJC_MSGSEND = YES;
				ENABLE_USER_SCRIPT_SANDBOXING = YES;
				GCC_C_LANGUAGE_STANDARD = gnu17;
				GCC_NO_COMMON_BLOCKS = YES;
				GCC_WARN_64_TO_32_BIT_CONVERSION = YES;
				GCC_WARN_ABOUT_RETURN_TYPE = YES_ERROR;
				GCC_WARN_UNDECLARED_SELECTOR = YES;
				GCC_WARN_UNINITIALIZED_AUTOS = YES_AGGRESSIVE;
				GCC_WARN_UNUSED_FUNCTION = YES;
				GCC_WARN_UNUSED_VARIABLE = YES;
				IPHONEOS_DEPLOYMENT_TARGET = 26.2;
				LOCALIZATION_PREFERS_STRING_CATALOGS = YES;
				MTL_ENABLE_DEBUG_INFO = NO;
				MTL_FAST_MATH = YES;
				SDKROOT = iphoneos;
				SWIFT_COMPILATION_MODE = wholemodule;
				VALIDATE_PRODUCT = YES;
			};
			name = Release;
		};
		7C7FB80A2F29791E00C9318C /* Debug */ = {
			isa = XCBuildConfiguration;
			buildSettings = {
				ASSETCATALOG_COMPILER_APPICON_NAME = AppIcon;
				ASSETCATALOG_COMPILER_GLOBAL_ACCENT_COLOR_NAME = AccentColor;
				ASSETCATALOG_COMPILER_INCLUDE_ALL_APPICON_ASSETS = YES;
				CODE_SIGN_STYLE = Automatic;
				CURRENT_PROJECT_VERSION = 1;
				DEVELOPMENT_TEAM = P3A79QA83K;
				ENABLE_PREVIEWS = YES;
				GENERATE_INFOPLIST_FILE = YES;
				INFOPLIST_KEY_CFBundleDisplayName = Elorize;
				INFOPLIST_KEY_LSApplicationCategoryType = "public.app-category.education";
				INFOPLIST_KEY_UIApplicationSceneManifest_Generation = YES;
				INFOPLIST_KEY_UIApplicationSupportsIndirectInputEvents = YES;
				INFOPLIST_KEY_UILaunchScreen_Generation = YES;
				INFOPLIST_KEY_UIStatusBarHidden = YES;
				INFOPLIST_KEY_UISupportedInterfaceOrientations = UIInterfaceOrientationPortrait;
				INFOPLIST_KEY_UISupportedInterfaceOrientations_iPad = "UIInterfaceOrientationLandscapeLeft UIInterfaceOrientationLandscapeRight UIInterfaceOrientationPortrait UIInterfaceOrientationPortraitUpsideDown";
				LD_RUNPATH_SEARCH_PATHS = (
					"$(inherited)",
					"@executable_path/Frameworks",
				);
				MARKETING_VERSION = 1.0;
				PRODUCT_BUNDLE_IDENTIFIER = com.mc.Elorize;
				PRODUCT_NAME = "$(TARGET_NAME)";
				STRING_CATALOG_GENERATE_SYMBOLS = YES;
				SUPPORTED_PLATFORMS = "iphoneos iphonesimulator";
				SUPPORTS_MACCATALYST = NO;
				SUPPORTS_MAC_DESIGNED_FOR_IPHONE_IPAD = NO;
				SUPPORTS_XR_DESIGNED_FOR_IPHONE_IPAD = NO;
				SWIFT_APPROACHABLE_CONCURRENCY = YES;
				SWIFT_DEFAULT_ACTOR_ISOLATION = MainActor;
				SWIFT_EMIT_LOC_STRINGS = YES;
				SWIFT_UPCOMING_FEATURE_MEMBER_IMPORT_VISIBILITY = YES;
				SWIFT_VERSION = 5.0;
				TARGETED_DEVICE_FAMILY = "1,2";
			};
			name = Debug;
		};
		7C7FB80B2F29791E00C9318C /* Release */ = {
			isa = XCBuildConfiguration;
			buildSettings = {
				ASSETCATALOG_COMPILER_APPICON_NAME = AppIcon;
				ASSETCATALOG_COMPILER_GLOBAL_ACCENT_COLOR_NAME = AccentColor;
				ASSETCATALOG_COMPILER_INCLUDE_ALL_APPICON_ASSETS = YES;
				CODE_SIGN_STYLE = Automatic;
				CURRENT_PROJECT_VERSION = 1;
				DEVELOPMENT_TEAM = P3A79QA83K;
				ENABLE_PREVIEWS = YES;
				GENERATE_INFOPLIST_FILE = YES;
				INFOPLIST_KEY_CFBundleDisplayName = Elorize;
				INFOPLIST_KEY_LSApplicationCategoryType = "public.app-category.education";
				INFOPLIST_KEY_UIApplicationSceneManifest_Generation = YES;
				INFOPLIST_KEY_UIApplicationSupportsIndirectInputEvents = YES;
				INFOPLIST_KEY_UILaunchScreen_Generation = YES;
				INFOPLIST_KEY_UIStatusBarHidden = YES;
				INFOPLIST_KEY_UISupportedInterfaceOrientations = UIInterfaceOrientationPortrait;
				INFOPLIST_KEY_UISupportedInterfaceOrientations_iPad = "UIInterfaceOrientationLandscapeLeft UIInterfaceOrientationLandscapeRight UIInterfaceOrientationPortrait UIInterfaceOrientationPortraitUpsideDown";
				LD_RUNPATH_SEARCH_PATHS = (
					"$(inherited)",
					"@executable_path/Frameworks",
				);
				MARKETING_VERSION = 1.0;
				PRODUCT_BUNDLE_IDENTIFIER = com.mc.Elorize;
				PRODUCT_NAME = "$(TARGET_NAME)";
				STRING_CATALOG_GENERATE_SYMBOLS = YES;
				SUPPORTED_PLATFORMS = "iphoneos iphonesimulator";
				SUPPORTS_MACCATALYST = NO;
				SUPPORTS_MAC_DESIGNED_FOR_IPHONE_IPAD = NO;
				SUPPORTS_XR_DESIGNED_FOR_IPHONE_IPAD = NO;
				SWIFT_APPROACHABLE_CONCURRENCY = YES;
				SWIFT_DEFAULT_ACTOR_ISOLATION = MainActor;
				SWIFT_EMIT_LOC_STRINGS = YES;
				SWIFT_UPCOMING_FEATURE_MEMBER_IMPORT_VISIBILITY = YES;
				SWIFT_VERSION = 5.0;
				TARGETED_DEVICE_FAMILY = "1,2";
			};
			name = Release;
		};
		7C7FB80D2F29791E00C9318C /* Debug */ = {
			isa = XCBuildConfiguration;
			buildSettings = {
				BUNDLE_LOADER = "$(TEST_HOST)";
				CODE_SIGN_STYLE = Automatic;
				CURRENT_PROJECT_VERSION = 1;
				DEVELOPMENT_TEAM = JUG52QUVYF;
				GENERATE_INFOPLIST_FILE = YES;
				IPHONEOS_DEPLOYMENT_TARGET = 26.2;
				MARKETING_VERSION = 1.0;
				PRODUCT_BUNDLE_IDENTIFIER = com.mc.ElorizeTests;
				PRODUCT_NAME = "$(TARGET_NAME)";
				STRING_CATALOG_GENERATE_SYMBOLS = NO;
				SUPPORTED_PLATFORMS = "iphoneos iphonesimulator";
				SUPPORTS_MACCATALYST = NO;
				SUPPORTS_MAC_DESIGNED_FOR_IPHONE_IPAD = NO;
				SUPPORTS_XR_DESIGNED_FOR_IPHONE_IPAD = NO;
				SWIFT_APPROACHABLE_CONCURRENCY = YES;
				SWIFT_EMIT_LOC_STRINGS = NO;
				SWIFT_UPCOMING_FEATURE_MEMBER_IMPORT_VISIBILITY = YES;
				SWIFT_VERSION = 5.0;
				TARGETED_DEVICE_FAMILY = "1,2";
				TEST_HOST = "$(BUILT_PRODUCTS_DIR)/Elorize.app/$(BUNDLE_EXECUTABLE_FOLDER_PATH)/Elorize";
			};
			name = Debug;
		};
		7C7FB80E2F29791E00C9318C /* Release */ = {
			isa = XCBuildConfiguration;
			buildSettings = {
				BUNDLE_LOADER = "$(TEST_HOST)";
				CODE_SIGN_STYLE = Automatic;
				CURRENT_PROJECT_VERSION = 1;
				DEVELOPMENT_TEAM = JUG52QUVYF;
				GENERATE_INFOPLIST_FILE = YES;
				IPHONEOS_DEPLOYMENT_TARGET = 26.2;
				MARKETING_VERSION = 1.0;
				PRODUCT_BUNDLE_IDENTIFIER = com.mc.ElorizeTests;
				PRODUCT_NAME = "$(TARGET_NAME)";
				STRING_CATALOG_GENERATE_SYMBOLS = NO;
				SUPPORTED_PLATFORMS = "iphoneos iphonesimulator";
				SUPPORTS_MACCATALYST = NO;
				SUPPORTS_MAC_DESIGNED_FOR_IPHONE_IPAD = NO;
				SUPPORTS_XR_DESIGNED_FOR_IPHONE_IPAD = NO;
				SWIFT_APPROACHABLE_CONCURRENCY = YES;
				SWIFT_EMIT_LOC_STRINGS = NO;
				SWIFT_UPCOMING_FEATURE_MEMBER_IMPORT_VISIBILITY = YES;
				SWIFT_VERSION = 5.0;
				TARGETED_DEVICE_FAMILY = "1,2";
				TEST_HOST = "$(BUILT_PRODUCTS_DIR)/Elorize.app/$(BUNDLE_EXECUTABLE_FOLDER_PATH)/Elorize";
			};
			name = Release;
		};
		7C7FB8102F29791E00C9318C /* Debug */ = {
			isa = XCBuildConfiguration;
			buildSettings = {
				CODE_SIGN_STYLE = Automatic;
				CURRENT_PROJECT_VERSION = 1;
				DEVELOPMENT_TEAM = JUG52QUVYF;
				GENERATE_INFOPLIST_FILE = YES;
				MARKETING_VERSION = 1.0;
				PRODUCT_BUNDLE_IDENTIFIER = com.mc.ElorizeUITests;
				PRODUCT_NAME = "$(TARGET_NAME)";
				STRING_CATALOG_GENERATE_SYMBOLS = NO;
				SUPPORTED_PLATFORMS = "iphoneos iphonesimulator";
				SUPPORTS_MACCATALYST = NO;
				SUPPORTS_MAC_DESIGNED_FOR_IPHONE_IPAD = NO;
				SUPPORTS_XR_DESIGNED_FOR_IPHONE_IPAD = NO;
				SWIFT_APPROACHABLE_CONCURRENCY = YES;
				SWIFT_EMIT_LOC_STRINGS = NO;
				SWIFT_UPCOMING_FEATURE_MEMBER_IMPORT_VISIBILITY = YES;
				SWIFT_VERSION = 5.0;
				TARGETED_DEVICE_FAMILY = "1,2";
				TEST_TARGET_NAME = Elorize;
			};
			name = Debug;
		};
		7C7FB8112F29791E00C9318C /* Release */ = {
			isa = XCBuildConfiguration;
			buildSettings = {
				CODE_SIGN_STYLE = Automatic;
				CURRENT_PROJECT_VERSION = 1;
				DEVELOPMENT_TEAM = JUG52QUVYF;
				GENERATE_INFOPLIST_FILE = YES;
				MARKETING_VERSION = 1.0;
				PRODUCT_BUNDLE_IDENTIFIER = com.mc.ElorizeUITests;
				PRODUCT_NAME = "$(TARGET_NAME)";
				STRING_CATALOG_GENERATE_SYMBOLS = NO;
				SUPPORTED_PLATFORMS = "iphoneos iphonesimulator";
				SUPPORTS_MACCATALYST = NO;
				SUPPORTS_MAC_DESIGNED_FOR_IPHONE_IPAD = NO;
				SUPPORTS_XR_DESIGNED_FOR_IPHONE_IPAD = NO;
				SWIFT_APPROACHABLE_CONCURRENCY = YES;
				SWIFT_EMIT_LOC_STRINGS = NO;
				SWIFT_UPCOMING_FEATURE_MEMBER_IMPORT_VISIBILITY = YES;
				SWIFT_VERSION = 5.0;
				TARGETED_DEVICE_FAMILY = "1,2";
				TEST_TARGET_NAME = Elorize;
			};
			name = Release;
		};
/* End XCBuildConfiguration section */

/* Begin XCConfigurationList section */
		7C7FB7E12F29791C00C9318C /* Build configuration list for PBXProject "Elorize" */ = {
			isa = XCConfigurationList;
			buildConfigurations = (
				7C7FB8072F29791E00C9318C /* Debug */,
				7C7FB8082F29791E00C9318C /* Release */,
			);
			defaultConfigurationIsVisible = 0;
			defaultConfigurationName = Release;
		};
		7C7FB8092F29791E00C9318C /* Build configuration list for PBXNativeTarget "Elorize" */ = {
			isa = XCConfigurationList;
			buildConfigurations = (
				7C7FB80A2F29791E00C9318C /* Debug */,
				7C7FB80B2F29791E00C9318C /* Release */,
			);
			defaultConfigurationIsVisible = 0;
			defaultConfigurationName = Release;
		};
		7C7FB80C2F29791E00C9318C /* Build configuration list for PBXNativeTarget "ElorizeTests" */ = {
			isa = XCConfigurationList;
			buildConfigurations = (
				7C7FB80D2F29791E00C9318C /* Debug */,
				7C7FB80E2F29791E00C9318C /* Release */,
			);
			defaultConfigurationIsVisible = 0;
			defaultConfigurationName = Release;
		};
		7C7FB80F2F29791E00C9318C /* Build configuration list for PBXNativeTarget "ElorizeUITests" */ = {
			isa = XCConfigurationList;
			buildConfigurations = (
				7C7FB8102F29791E00C9318C /* Debug */,
				7C7FB8112F29791E00C9318C /* Release */,
			);
			defaultConfigurationIsVisible = 0;
			defaultConfigurationName = Release;
		};
/* End XCConfigurationList section */
	};
	rootObject = 7C7FB7DE2F29791C00C9318C /* Project object */;
}
